# THIS IS AN AUTOGENERATED FILE. DO NOT EDIT THIS FILE DIRECTLY.
# yarn lockfile v1


simple-statistics@^7.8.0:
  version "7.8.0"
  resolved "https://registry.yarnpkg.com/simple-statistics/-/simple-statistics-7.8.0.tgz#1033d2d613656c7bd34f0e134fd7e69c803e6836"
  integrity sha512-lTWbfJc0u6GZhBojLOrlHJMTHu6PdUjSsYLrpiH902dVBiYJyWlN/LdSoG8b5VvfG1D30gIBgarqMNeNmU5nAA==
